
Microsoft Visual Studio Solution File, Format Version 12.00
# Visual Studio Version 16
VisualStudioVersion = 16.0.31702.278
MinimumVisualStudioVersion = 10.0.40219.1
Project("{9A19103F-16F7-4668-BE54-9A1E7A4F7556}") = "Client.Downloader", "Client.Downloader\Client.Downloader.csproj", "{58FE05B7-1E93-4132-BA6B-6EAD1C89F75B}"
EndProject
Project("{9A19103F-16F7-4668-BE54-9A1E7A4F7556}") = "Client.GUI", "Client.GUI\Client.GUI.csproj", "{07D572C3-1E72-4C53-87C9-A296B3A937A5}"
EndProject
Project("{9A19103F-16F7-4668-BE54-9A1E7A4F7556}") = "Client.Core", "Client.Core\Client.Core.csproj", "{89F9C000-F0B9-4E98-8B23-F7CD2C9D114D}"
EndProject
Global
	GlobalSection(SolutionConfigurationPlatforms) = preSolution
		Debug|Any CPU = Debug|Any CPU
		Release|Any CPU = Release|Any CPU
	EndGlobalSection
	GlobalSection(ProjectConfigurationPlatforms) = postSolution
		{58FE05B7-1E93-4132-BA6B-6EAD1C89F75B}.Debug|Any CPU.ActiveCfg = Debug|Any CPU
		{58FE05B7-1E93-4132-BA6B-6EAD1C89F75B}.Debug|Any CPU.Build.0 = Debug|Any CPU
		{58FE05B7-1E93-4132-BA6B-6EAD1C89F75B}.Release|Any CPU.ActiveCfg = Release|Any CPU
		{58FE05B7-1E93-4132-BA6B-6EAD1C89F75B}.Release|Any CPU.Build.0 = Release|Any CPU
		{07D572C3-1E72-4C53-87C9-A296B3A937A5}.Debug|Any CPU.ActiveCfg = Debug|Any CPU
		{07D572C3-1E72-4C53-87C9-A296B3A937A5}.Debug|Any CPU.Build.0 = Debug|Any CPU
		{07D572C3-1E72-4C53-87C9-A296B3A937A5}.Release|Any CPU.ActiveCfg = Release|Any CPU
		{07D572C3-1E72-4C53-87C9-A296B3A937A5}.Release|Any CPU.Build.0 = Release|Any CPU
		{89F9C000-F0B9-4E98-8B23-F7CD2C9D114D}.Debug|Any CPU.ActiveCfg = Debug|Any CPU
		{89F9C000-F0B9-4E98-8B23-F7CD2C9D114D}.Debug|Any CPU.Build.0 = Debug|Any CPU
		{89F9C000-F0B9-4E98-8B23-F7CD2C9D114D}.Release|Any CPU.ActiveCfg = Release|Any CPU
		{89F9C000-F0B9-4E98-8B23-F7CD2C9D114D}.Release|Any CPU.Build.0 = Release|Any CPU
	EndGlobalSection
	GlobalSection(SolutionProperties) = preSolution
		HideSolutionNode = FALSE
	EndGlobalSection
	GlobalSection(ExtensibilityGlobals) = postSolution
		SolutionGuid = {98C04EE2-4CB1-49CB-8CBF-20571FFA6C14}
	EndGlobalSection
EndGlobal
