
Microsoft Visual Studio Solution File, Format Version 12.00
# Visual Studio Version 16
VisualStudioVersion = 16.0.31702.278
MinimumVisualStudioVersion = 10.0.40219.1
Project("{FAE04EC0-301F-11D3-BF4B-00C04F79EFBC}") = "BitTorrent", "BitTorrent\BitTorrent.csproj", "{210739D9-1623-49AF-A148-17643A75A175}"
EndProject
Project("{FAE04EC0-301F-11D3-BF4B-00C04F79EFBC}") = "Client", "Client\Client.csproj", "{C4AD7414-CB92-4091-A721-D90728B0EC32}"
EndProject
Global
	GlobalSection(SolutionConfigurationPlatforms) = preSolution
		Debug|Any CPU = Debug|Any CPU
		Release|Any CPU = Release|Any CPU
	EndGlobalSection
	GlobalSection(ProjectConfigurationPlatforms) = postSolution
		{210739D9-1623-49AF-A148-17643A75A175}.Debug|Any CPU.ActiveCfg = Debug|Any CPU
		{210739D9-1623-49AF-A148-17643A75A175}.Debug|Any CPU.Build.0 = Debug|Any CPU
		{210739D9-1623-49AF-A148-17643A75A175}.Release|Any CPU.ActiveCfg = Release|Any CPU
		{210739D9-1623-49AF-A148-17643A75A175}.Release|Any CPU.Build.0 = Release|Any CPU
		{C4AD7414-CB92-4091-A721-D90728B0EC32}.Debug|Any CPU.ActiveCfg = Debug|Any CPU
		{C4AD7414-CB92-4091-A721-D90728B0EC32}.Debug|Any CPU.Build.0 = Debug|Any CPU
		{C4AD7414-CB92-4091-A721-D90728B0EC32}.Release|Any CPU.ActiveCfg = Release|Any CPU
		{C4AD7414-CB92-4091-A721-D90728B0EC32}.Release|Any CPU.Build.0 = Release|Any CPU
	EndGlobalSection
	GlobalSection(SolutionProperties) = preSolution
		HideSolutionNode = FALSE
	EndGlobalSection
	GlobalSection(ExtensibilityGlobals) = postSolution
		SolutionGuid = {98C04EE2-4CB1-49CB-8CBF-20571FFA6C14}
	EndGlobalSection
EndGlobal
